
Microsoft Visual Studio Solution File, Format Version 12.00
# Visual Studio 14
VisualStudioVersion = 14.0.24720.0
MinimumVisualStudioVersion = 10.0.40219.1
Project("{FAE04EC0-301F-11D3-BF4B-00C04F79EFBC}") = "Backend", "Backend\Backend.csproj", "{CDADA60E-212B-41EB-9FE0-D874D492974A}"
EndProject
Project("{FAE04EC0-301F-11D3-BF4B-00C04F79EFBC}") = "Facade", "Facade\Facade.csproj", "{943767A8-871A-4E95-B6A7-2F3AAE7D1C33}"
EndProject
Global
	GlobalSection(SolutionConfigurationPlatforms) = preSolution
		Debug|Any CPU = Debug|Any CPU
		Release|Any CPU = Release|Any CPU
	EndGlobalSection
	GlobalSection(ProjectConfigurationPlatforms) = postSolution
		{CDADA60E-212B-41EB-9FE0-D874D492974A}.Debug|Any CPU.ActiveCfg = Debug|Any CPU
		{CDADA60E-212B-41EB-9FE0-D874D492974A}.Debug|Any CPU.Build.0 = Debug|Any CPU
		{CDADA60E-212B-41EB-9FE0-D874D492974A}.Release|Any CPU.ActiveCfg = Release|Any CPU
		{CDADA60E-212B-41EB-9FE0-D874D492974A}.Release|Any CPU.Build.0 = Release|Any CPU
		{943767A8-871A-4E95-B6A7-2F3AAE7D1C33}.Debug|Any CPU.ActiveCfg = Debug|Any CPU
		{943767A8-871A-4E95-B6A7-2F3AAE7D1C33}.Debug|Any CPU.Build.0 = Debug|Any CPU
		{943767A8-871A-4E95-B6A7-2F3AAE7D1C33}.Release|Any CPU.ActiveCfg = Release|Any CPU
		{943767A8-871A-4E95-B6A7-2F3AAE7D1C33}.Release|Any CPU.Build.0 = Release|Any CPU
	EndGlobalSection
	GlobalSection(SolutionProperties) = preSolution
		HideSolutionNode = FALSE
	EndGlobalSection
EndGlobal
